
Microsoft Visual Studio Solution File, Format Version 12.00
# Visual Studio Version 16
VisualStudioVersion = 25.0.1704.2
MinimumVisualStudioVersion = 10.0.40219.1
Project("{FAE04EC0-301F-11D3-BF4B-00C04F79EFBC}") = "propellerhead", "propellerhead.csproj", "{1AE93992-4E1B-456F-AE6E-8322E371C80E}"
EndProject
Project("{FAE04EC0-301F-11D3-BF4B-00C04F79EFBC}") = "propellerhead.dac", "..\propellerhead.dac\propellerhead.dac.csproj", "{8BB2CCC7-16E2-4AE9-9EEC-378930E2248E}"
EndProject
Project("{FAE04EC0-301F-11D3-BF4B-00C04F79EFBC}") = "propellerhead.utils", "..\propellerhead.utils\propellerhead.utils.csproj", "{5F4EF72C-2338-4A87-BBE7-35FB7652846A}"
EndProject
Global
	GlobalSection(SolutionConfigurationPlatforms) = preSolution
		Debug|Any CPU = Debug|Any CPU
		Release|Any CPU = Release|Any CPU
	EndGlobalSection
	GlobalSection(ProjectConfigurationPlatforms) = postSolution
		{1AE93992-4E1B-456F-AE6E-8322E371C80E}.Debug|Any CPU.ActiveCfg = Debug|Any CPU
		{1AE93992-4E1B-456F-AE6E-8322E371C80E}.Debug|Any CPU.Build.0 = Debug|Any CPU
		{1AE93992-4E1B-456F-AE6E-8322E371C80E}.Release|Any CPU.ActiveCfg = Release|Any CPU
		{1AE93992-4E1B-456F-AE6E-8322E371C80E}.Release|Any CPU.Build.0 = Release|Any CPU
		{8BB2CCC7-16E2-4AE9-9EEC-378930E2248E}.Debug|Any CPU.ActiveCfg = Debug|Any CPU
		{8BB2CCC7-16E2-4AE9-9EEC-378930E2248E}.Debug|Any CPU.Build.0 = Debug|Any CPU
		{8BB2CCC7-16E2-4AE9-9EEC-378930E2248E}.Release|Any CPU.ActiveCfg = Release|Any CPU
		{8BB2CCC7-16E2-4AE9-9EEC-378930E2248E}.Release|Any CPU.Build.0 = Release|Any CPU
		{5F4EF72C-2338-4A87-BBE7-35FB7652846A}.Debug|Any CPU.ActiveCfg = Debug|Any CPU
		{5F4EF72C-2338-4A87-BBE7-35FB7652846A}.Debug|Any CPU.Build.0 = Debug|Any CPU
		{5F4EF72C-2338-4A87-BBE7-35FB7652846A}.Release|Any CPU.ActiveCfg = Release|Any CPU
		{5F4EF72C-2338-4A87-BBE7-35FB7652846A}.Release|Any CPU.Build.0 = Release|Any CPU
	EndGlobalSection
	GlobalSection(SolutionProperties) = preSolution
		HideSolutionNode = FALSE
	EndGlobalSection
	GlobalSection(ExtensibilityGlobals) = postSolution
		SolutionGuid = {BBDE5B68-4D7F-4DC7-80BA-E45574EFD053}
	EndGlobalSection
EndGlobal
